// !$*UTF8*$!
{
	archiveVersion = 1;
	classes = {
	};
	objectVersion = 51;
	objects = {

/* Begin PBXBuildFile section */
		064ACB6C9F1C86470FADA377 /* Pods_flixster_flixsterUITests.framework in Frameworks */ = {isa = PBXBuildFile; fileRef = 0E062A374A95DC72EC5ACCEB /* Pods_flixster_flixsterUITests.framework */; };
		137B094E23EE3AA4005C3769 /* AppDelegate.swift in Sources */ = {isa = PBXBuildFile; fileRef = 137B094D23EE3AA4005C3769 /* AppDelegate.swift */; };
		137B095023EE3AA4005C3769 /* SceneDelegate.swift in Sources */ = {isa = PBXBuildFile; fileRef = 137B094F23EE3AA4005C3769 /* SceneDelegate.swift */; };
		137B095223EE3AA4005C3769 /* ViewController.swift in Sources */ = {isa = PBXBuildFile; fileRef = 137B095123EE3AA4005C3769 /* ViewController.swift */; };
		137B095523EE3AA4005C3769 /* Main.storyboard in Resources */ = {isa = PBXBuildFile; fileRef = 137B095323EE3AA4005C3769 /* Main.storyboard */; };
		137B095723EE3AA6005C3769 /* Assets.xcassets in Resources */ = {isa = PBXBuildFile; fileRef = 137B095623EE3AA6005C3769 /* Assets.xcassets */; };
		137B095A23EE3AA6005C3769 /* LaunchScreen.storyboard in Resources */ = {isa = PBXBuildFile; fileRef = 137B095823EE3AA6005C3769 /* LaunchScreen.storyboard */; };
		137B096523EE3AA6005C3769 /* flixsterTests.swift in Sources */ = {isa = PBXBuildFile; fileRef = 137B096423EE3AA6005C3769 /* flixsterTests.swift */; };
		137B097023EE3AA6005C3769 /* flixsterUITests.swift in Sources */ = {isa = PBXBuildFile; fileRef = 137B096F23EE3AA6005C3769 /* flixsterUITests.swift */; };
		137B097E23EE44F7005C3769 /* MoviesViewController.swift in Sources */ = {isa = PBXBuildFile; fileRef = 137B097D23EE44F7005C3769 /* MoviesViewController.swift */; };
		137B098023EE4A85005C3769 /* MovieCell.swift in Sources */ = {isa = PBXBuildFile; fileRef = 137B097F23EE4A85005C3769 /* MovieCell.swift */; };
		13FA79AC23F4A8FD003ADE4D /* MovieDetailsViewController.swift in Sources */ = {isa = PBXBuildFile; fileRef = 13FA79AB23F4A8FD003ADE4D /* MovieDetailsViewController.swift */; };
		C8E3EED3C67E74C7928CA4B7 /* Pods_flixsterTests.framework in Frameworks */ = {isa = PBXBuildFile; fileRef = 40F890DB9D7F6170B9906B74 /* Pods_flixsterTests.framework */; };
		D551F5C77B1D2541A74F4D20 /* Pods_flixster.framework in Frameworks */ = {isa = PBXBuildFile; fileRef = F81D966AD177CA162BA60317 /* Pods_flixster.framework */; };
/* End PBXBuildFile section */

/* Begin PBXContainerItemProxy section */
		137B096123EE3AA6005C3769 /* PBXContainerItemProxy */ = {
			isa = PBXContainerItemProxy;
			containerPortal = 137B094223EE3AA4005C3769 /* Project object */;
			proxyType = 1;
			remoteGlobalIDString = 137B094923EE3AA4005C3769;
			remoteInfo = flixster;
		};
		137B096C23EE3AA6005C3769 /* PBXContainerItemProxy */ = {
			isa = PBXContainerItemProxy;
			containerPortal = 137B094223EE3AA4005C3769 /* Project object */;
			proxyType = 1;
			remoteGlobalIDString = 137B094923EE3AA4005C3769;
			remoteInfo = flixster;
		};
/* End PBXContainerItemProxy section */

/* Begin PBXFileReference section */
		0618469986D587E4DEC419CF /* Pods-flixster-flixsterUITests.debug.xcconfig */ = {isa = PBXFileReference; includeInIndex = 1; lastKnownFileType = text.xcconfig; name = "Pods-flixster-flixsterUITests.debug.xcconfig"; path = "Target Support Files/Pods-flixster-flixsterUITests/Pods-flixster-flixsterUITests.debug.xcconfig"; sourceTree = "<group>"; };
		0E062A374A95DC72EC5ACCEB /* Pods_flixster_flixsterUITests.framework */ = {isa = PBXFileReference; explicitFileType = wrapper.framework; includeInIndex = 0; path = Pods_flixster_flixsterUITests.framework; sourceTree = BUILT_PRODUCTS_DIR; };
		137B094A23EE3AA4005C3769 /* flixster.app */ = {isa = PBXFileReference; explicitFileType = wrapper.application; includeInIndex = 0; path = flixster.app; sourceTree = BUILT_PRODUCTS_DIR; };
		137B094D23EE3AA4005C3769 /* AppDelegate.swift */ = {isa = PBXFileReference; lastKnownFileType = sourcecode.swift; path = AppDelegate.swift; sourceTree = "<group>"; };
		137B094F23EE3AA4005C3769 /* SceneDelegate.swift */ = {isa = PBXFileReference; lastKnownFileType = sourcecode.swift; path = SceneDelegate.swift; sourceTree = "<group>"; };
		137B095123EE3AA4005C3769 /* ViewController.swift */ = {isa = PBXFileReference; lastKnownFileType = sourcecode.swift; path = ViewController.swift; sourceTree = "<group>"; };
		137B095423EE3AA4005C3769 /* Base */ = {isa = PBXFileReference; lastKnownFileType = file.storyboard; name = Base; path = Base.lproj/Main.storyboard; sourceTree = "<group>"; };
		137B095623EE3AA6005C3769 /* Assets.xcassets */ = {isa = PBXFileReference; lastKnownFileType = folder.assetcatalog; path = Assets.xcassets; sourceTree = "<group>"; };
		137B095923EE3AA6005C3769 /* Base */ = {isa = PBXFileReference; lastKnownFileType = file.storyboard; name = Base; path = Base.lproj/LaunchScreen.storyboard; sourceTree = "<group>"; };
		137B095B23EE3AA6005C3769 /* Info.plist */ = {isa = PBXFileReference; lastKnownFileType = text.plist.xml; path = Info.plist; sourceTree = "<group>"; };
		137B096023EE3AA6005C3769 /* flixsterTests.xctest */ = {isa = PBXFileReference; explicitFileType = wrapper.cfbundle; includeInIndex = 0; path = flixsterTests.xctest; sourceTree = BUILT_PRODUCTS_DIR; };
		137B096423EE3AA6005C3769 /* flixsterTests.swift */ = {isa = PBXFileReference; lastKnownFileType = sourcecode.swift; path = flixsterTests.swift; sourceTree = "<group>"; };
		137B096623EE3AA6005C3769 /* Info.plist */ = {isa = PBXFileReference; lastKnownFileType = text.plist.xml; path = Info.plist; sourceTree = "<group>"; };
		137B096B23EE3AA6005C3769 /* flixsterUITests.xctest */ = {isa = PBXFileReference; explicitFileType = wrapper.cfbundle; includeInIndex = 0; path = flixsterUITests.xctest; sourceTree = BUILT_PRODUCTS_DIR; };
		137B096F23EE3AA6005C3769 /* flixsterUITests.swift */ = {isa = PBXFileReference; lastKnownFileType = sourcecode.swift; path = flixsterUITests.swift; sourceTree = "<group>"; };
		137B097123EE3AA6005C3769 /* Info.plist */ = {isa = PBXFileReference; lastKnownFileType = text.plist.xml; path = Info.plist; sourceTree = "<group>"; };
		137B097D23EE44F7005C3769 /* MoviesViewController.swift */ = {isa = PBXFileReference; lastKnownFileType = sourcecode.swift; path = MoviesViewController.swift; sourceTree = "<group>"; };
		137B097F23EE4A85005C3769 /* MovieCell.swift */ = {isa = PBXFileReference; lastKnownFileType = sourcecode.swift; path = MovieCell.swift; sourceTree = "<group>"; };
		13FA79AB23F4A8FD003ADE4D /* MovieDetailsViewController.swift */ = {isa = PBXFileReference; lastKnownFileType = sourcecode.swift; path = MovieDetailsViewController.swift; sourceTree = "<group>"; };
		1A166BCA82D45FE5FA9BA7C3 /* Pods-flixster.debug.xcconfig */ = {isa = PBXFileReference; includeInIndex = 1; lastKnownFileType = text.xcconfig; name = "Pods-flixster.debug.xcconfig"; path = "Target Support Files/Pods-flixster/Pods-flixster.debug.xcconfig"; sourceTree = "<group>"; };
		40F890DB9D7F6170B9906B74 /* Pods_flixsterTests.framework */ = {isa = PBXFileReference; explicitFileType = wrapper.framework; includeInIndex = 0; path = Pods_flixsterTests.framework; sourceTree = BUILT_PRODUCTS_DIR; };
		6335F40021AA790774D8CE8E /* Pods-flixsterTests.debug.xcconfig */ = {isa = PBXFileReference; includeInIndex = 1; lastKnownFileType = text.xcconfig; name = "Pods-flixsterTests.debug.xcconfig"; path = "Target Support Files/Pods-flixsterTests/Pods-flixsterTests.debug.xcconfig"; sourceTree = "<group>"; };
		70E9F91ACB025634C21B65C8 /* Pods-flixster-flixsterUITests.release.xcconfig */ = {isa = PBXFileReference; includeInIndex = 1; lastKnownFileType = text.xcconfig; name = "Pods-flixster-flixsterUITests.release.xcconfig"; path = "Target Support Files/Pods-flixster-flixsterUITests/Pods-flixster-flixsterUITests.release.xcconfig"; sourceTree = "<group>"; };
		B13D1DCC4297DD4B44921057 /* Pods-flixster.release.xcconfig */ = {isa = PBXFileReference; includeInIndex = 1; lastKnownFileType = text.xcconfig; name = "Pods-flixster.release.xcconfig"; path = "Target Support Files/Pods-flixster/Pods-flixster.release.xcconfig"; sourceTree = "<group>"; };
		EFC3C126BCE98CDE50D9A659 /* Pods-flixsterTests.release.xcconfig */ = {isa = PBXFileReference; includeInIndex = 1; lastKnownFileType = text.xcconfig; name = "Pods-flixsterTests.release.xcconfig"; path = "Target Support Files/Pods-flixsterTests/Pods-flixsterTests.release.xcconfig"; sourceTree = "<group>"; };
		F81D966AD177CA162BA60317 /* Pods_flixster.framework */ = {isa = PBXFileReference; explicitFileType = wrapper.framework; includeInIndex = 0; path = Pods_flixster.framework; sourceTree = BUILT_PRODUCTS_DIR; };
/* End PBXFileReference section */

/* Begin PBXFrameworksBuildPhase section */
		137B094723EE3AA4005C3769 /* Frameworks */ = {
			isa = PBXFrameworksBuildPhase;
			buildActionMask = 2147483647;
			files = (
				D551F5C77B1D2541A74F4D20 /* Pods_flixster.framework in Frameworks */,
			);
			runOnlyForDeploymentPostprocessing = 0;
		};
		137B095D23EE3AA6005C3769 /* Frameworks */ = {
			isa = PBXFrameworksBuildPhase;
			buildActionMask = 2147483647;
			files = (
				C8E3EED3C67E74C7928CA4B7 /* Pods_flixsterTests.framework in Frameworks */,
			);
			runOnlyForDeploymentPostprocessing = 0;
		};
		137B096823EE3AA6005C3769 /* Frameworks */ = {
			isa = PBXFrameworksBuildPhase;
			buildActionMask = 2147483647;
			files = (
				064ACB6C9F1C86470FADA377 /* Pods_flixster_flixsterUITests.framework in Frameworks */,
			);
			runOnlyForDeploymentPostprocessing = 0;
		};
/* End PBXFrameworksBuildPhase section */

/* Begin PBXGroup section */
		137B094123EE3AA4005C3769 = {
			isa = PBXGroup;
			children = (
				137B094C23EE3AA4005C3769 /* flixster */,
				137B096323EE3AA6005C3769 /* flixsterTests */,
				137B096E23EE3AA6005C3769 /* flixsterUITests */,
				137B094B23EE3AA4005C3769 /* Products */,
				77E6736D255A20F539DF4EE5 /* Pods */,
				33C0282834330651D4FA5FBF /* Frameworks */,
			);
			sourceTree = "<group>";
		};
		137B094B23EE3AA4005C3769 /* Products */ = {
			isa = PBXGroup;
			children = (
				137B094A23EE3AA4005C3769 /* flixster.app */,
				137B096023EE3AA6005C3769 /* flixsterTests.xctest */,
				137B096B23EE3AA6005C3769 /* flixsterUITests.xctest */,
			);
			name = Products;
			sourceTree = "<group>";
		};
		137B094C23EE3AA4005C3769 /* flixster */ = {
			isa = PBXGroup;
			children = (
				137B094D23EE3AA4005C3769 /* AppDelegate.swift */,
				137B094F23EE3AA4005C3769 /* SceneDelegate.swift */,
				137B095123EE3AA4005C3769 /* ViewController.swift */,
				137B095323EE3AA4005C3769 /* Main.storyboard */,
				137B097D23EE44F7005C3769 /* MoviesViewController.swift */,
				137B095623EE3AA6005C3769 /* Assets.xcassets */,
				137B095823EE3AA6005C3769 /* LaunchScreen.storyboard */,
				137B095B23EE3AA6005C3769 /* Info.plist */,
				137B097F23EE4A85005C3769 /* MovieCell.swift */,
				13FA79AB23F4A8FD003ADE4D /* MovieDetailsViewController.swift */,
			);
			path = flixster;
			sourceTree = "<group>";
		};
		137B096323EE3AA6005C3769 /* flixsterTests */ = {
			isa = PBXGroup;
			children = (
				137B096423EE3AA6005C3769 /* flixsterTests.swift */,
				137B096623EE3AA6005C3769 /* Info.plist */,
			);
			path = flixsterTests;
			sourceTree = "<group>";
		};
		137B096E23EE3AA6005C3769 /* flixsterUITests */ = {
			isa = PBXGroup;
			children = (
				137B096F23EE3AA6005C3769 /* flixsterUITests.swift */,
				137B097123EE3AA6005C3769 /* Info.plist */,
			);
			path = flixsterUITests;
			sourceTree = "<group>";
		};
		33C0282834330651D4FA5FBF /* Frameworks */ = {
			isa = PBXGroup;
			children = (
				F81D966AD177CA162BA60317 /* Pods_flixster.framework */,
				0E062A374A95DC72EC5ACCEB /* Pods_flixster_flixsterUITests.framework */,
				40F890DB9D7F6170B9906B74 /* Pods_flixsterTests.framework */,
			);
			name = Frameworks;
			sourceTree = "<group>";
		};
		77E6736D255A20F539DF4EE5 /* Pods */ = {
			isa = PBXGroup;
			children = (
				1A166BCA82D45FE5FA9BA7C3 /* Pods-flixster.debug.xcconfig */,
				B13D1DCC4297DD4B44921057 /* Pods-flixster.release.xcconfig */,
				0618469986D587E4DEC419CF /* Pods-flixster-flixsterUITests.debug.xcconfig */,
				70E9F91ACB025634C21B65C8 /* Pods-flixster-flixsterUITests.release.xcconfig */,
				6335F40021AA790774D8CE8E /* Pods-flixsterTests.debug.xcconfig */,
				EFC3C126BCE98CDE50D9A659 /* Pods-flixsterTests.release.xcconfig */,
			);
			path = Pods;
			sourceTree = "<group>";
		};
/* End PBXGroup section */

/* Begin PBXNativeTarget section */
		137B094923EE3AA4005C3769 /* flixster */ = {
			isa = PBXNativeTarget;
			buildConfigurationList = 137B097423EE3AA6005C3769 /* Build configuration list for PBXNativeTarget "flixster" */;
			buildPhases = (
				764C2DCDBA7EC1A372122BA0 /* [CP] Check Pods Manifest.lock */,
				137B094623EE3AA4005C3769 /* Sources */,
				137B094723EE3AA4005C3769 /* Frameworks */,
				137B094823EE3AA4005C3769 /* Resources */,
				971B8E0DE3A77552297C81C9 /* [CP] Embed Pods Frameworks */,
			);
			buildRules = (
			);
			dependencies = (
			);
			name = flixster;
			productName = flixster;
			productReference = 137B094A23EE3AA4005C3769 /* flixster.app */;
			productType = "com.apple.product-type.application";
		};
		137B095F23EE3AA6005C3769 /* flixsterTests */ = {
			isa = PBXNativeTarget;
			buildConfigurationList = 137B097723EE3AA6005C3769 /* Build configuration list for PBXNativeTarget "flixsterTests" */;
			buildPhases = (
				C62E5FD1CB51C5BA0561180F /* [CP] Check Pods Manifest.lock */,
				137B095C23EE3AA6005C3769 /* Sources */,
				137B095D23EE3AA6005C3769 /* Frameworks */,
				137B095E23EE3AA6005C3769 /* Resources */,
			);
			buildRules = (
			);
			dependencies = (
				137B096223EE3AA6005C3769 /* PBXTargetDependency */,
			);
			name = flixsterTests;
			productName = flixsterTests;
			productReference = 137B096023EE3AA6005C3769 /* flixsterTests.xctest */;
			productType = "com.apple.product-type.bundle.unit-test";
		};
		137B096A23EE3AA6005C3769 /* flixsterUITests */ = {
			isa = PBXNativeTarget;
			buildConfigurationList = 137B097A23EE3AA6005C3769 /* Build configuration list for PBXNativeTarget "flixsterUITests" */;
			buildPhases = (
				9AE53AD0813D90C2A9688784 /* [CP] Check Pods Manifest.lock */,
				137B096723EE3AA6005C3769 /* Sources */,
				137B096823EE3AA6005C3769 /* Frameworks */,
				137B096923EE3AA6005C3769 /* Resources */,
				9596D31954BE38751FAB4674 /* [CP] Embed Pods Frameworks */,
			);
			buildRules = (
			);
			dependencies = (
				137B096D23EE3AA6005C3769 /* PBXTargetDependency */,
			);
			name = flixsterUITests;
			productName = flixsterUITests;
			productReference = 137B096B23EE3AA6005C3769 /* flixsterUITests.xctest */;
			productType = "com.apple.product-type.bundle.ui-testing";
		};
/* End PBXNativeTarget section */

/* Begin PBXProject section */
		137B094223EE3AA4005C3769 /* Project object */ = {
			isa = PBXProject;
			attributes = {
				LastSwiftUpdateCheck = 1130;
				LastUpgradeCheck = 1130;
				ORGANIZATIONNAME = "Manish Rajendran";
				TargetAttributes = {
					137B094923EE3AA4005C3769 = {
						CreatedOnToolsVersion = 11.3.1;
					};
					137B095F23EE3AA6005C3769 = {
						CreatedOnToolsVersion = 11.3.1;
						TestTargetID = 137B094923EE3AA4005C3769;
					};
					137B096A23EE3AA6005C3769 = {
						CreatedOnToolsVersion = 11.3.1;
						TestTargetID = 137B094923EE3AA4005C3769;
					};
				};
			};
			buildConfigurationList = 137B094523EE3AA4005C3769 /* Build configuration list for PBXProject "flixster" */;
			compatibilityVersion = "Xcode 9.3";
			developmentRegion = en;
			hasScannedForEncodings = 0;
			knownRegions = (
				en,
				Base,
			);
			mainGroup = 137B094123EE3AA4005C3769;
			productRefGroup = 137B094B23EE3AA4005C3769 /* Products */;
			projectDirPath = "";
			projectRoot = "";
			targets = (
				137B094923EE3AA4005C3769 /* flixster */,
				137B095F23EE3AA6005C3769 /* flixsterTests */,
				137B096A23EE3AA6005C3769 /* flixsterUITests */,
			);
		};
/* End PBXProject section */

/* Begin PBXResourcesBuildPhase section */
		137B094823EE3AA4005C3769 /* Resources */ = {
			isa = PBXResourcesBuildPhase;
			buildActionMask = 2147483647;
			files = (
				137B095A23EE3AA6005C3769 /* LaunchScreen.storyboard in Resources */,
				137B095723EE3AA6005C3769 /* Assets.xcassets in Resources */,
				137B095523EE3AA4005C3769 /* Main.storyboard in Resources */,
			);
			runOnlyForDeploymentPostprocessing = 0;
		};
		137B095E23EE3AA6005C3769 /* Resources */ = {
			isa = PBXResourcesBuildPhase;
			buildActionMask = 2147483647;
			files = (
			);
			runOnlyForDeploymentPostprocessing = 0;
		};
		137B096923EE3AA6005C3769 /* Resources */ = {
			isa = PBXResourcesBuildPhase;
			buildActionMask = 2147483647;
			files = (
			);
			runOnlyForDeploymentPostprocessing = 0;
		};
/* End PBXResourcesBuildPhase section */

/* Begin PBXShellScriptBuildPhase section */
		764C2DCDBA7EC1A372122BA0 /* [CP] Check Pods Manifest.lock */ = {
			isa = PBXShellScriptBuildPhase;
			buildActionMask = 2147483647;
			files = (
			);
			inputFileListPaths = (
			);
			inputPaths = (
				"${PODS_PODFILE_DIR_PATH}/Podfile.lock",
				"${PODS_ROOT}/Manifest.lock",
			);
			name = "[CP] Check Pods Manifest.lock";
			outputFileListPaths = (
			);
			outputPaths = (
				"$(DERIVED_FILE_DIR)/Pods-flixster-checkManifestLockResult.txt",
			);
			runOnlyForDeploymentPostprocessing = 0;
			shellPath = /bin/sh;
			shellScript = "diff \"${PODS_PODFILE_DIR_PATH}/Podfile.lock\" \"${PODS_ROOT}/Manifest.lock\" > /dev/null\nif [ $? != 0 ] ; then\n    # print error to STDERR\n    echo \"error: The sandbox is not in sync with the Podfile.lock. Run 'pod install' or update your CocoaPods installation.\" >&2\n    exit 1\nfi\n# This output is used by Xcode 'outputs' to avoid re-running this script phase.\necho \"SUCCESS\" > \"${SCRIPT_OUTPUT_FILE_0}\"\n";
			showEnvVarsInLog = 0;
		};
		9596D31954BE38751FAB4674 /* [CP] Embed Pods Frameworks */ = {
			isa = PBXShellScriptBuildPhase;
			buildActionMask = 2147483647;
			files = (
			);
			inputFileListPaths = (
				"${PODS_ROOT}/Target Support Files/Pods-flixster-flixsterUITests/Pods-flixster-flixsterUITests-frameworks-${CONFIGURATION}-input-files.xcfilelist",
			);
			name = "[CP] Embed Pods Frameworks";
			outputFileListPaths = (
				"${PODS_ROOT}/Target Support Files/Pods-flixster-flixsterUITests/Pods-flixster-flixsterUITests-frameworks-${CONFIGURATION}-output-files.xcfilelist",
			);
			runOnlyForDeploymentPostprocessing = 0;
			shellPath = /bin/sh;
			shellScript = "\"${PODS_ROOT}/Target Support Files/Pods-flixster-flixsterUITests/Pods-flixster-flixsterUITests-frameworks.sh\"\n";
			showEnvVarsInLog = 0;
		};
		971B8E0DE3A77552297C81C9 /* [CP] Embed Pods Frameworks */ = {
			isa = PBXShellScriptBuildPhase;
			buildActionMask = 2147483647;
			files = (
			);
			inputFileListPaths = (
				"${PODS_ROOT}/Target Support Files/Pods-flixster/Pods-flixster-frameworks-${CONFIGURATION}-input-files.xcfilelist",
			);
			name = "[CP] Embed Pods Frameworks";
			outputFileListPaths = (
				"${PODS_ROOT}/Target Support Files/Pods-flixster/Pods-flixster-frameworks-${CONFIGURATION}-output-files.xcfilelist",
			);
			runOnlyForDeploymentPostprocessing = 0;
			shellPath = /bin/sh;
			shellScript = "\"${PODS_ROOT}/Target Support Files/Pods-flixster/Pods-flixster-frameworks.sh\"\n";
			showEnvVarsInLog = 0;
		};
		9AE53AD0813D90C2A9688784 /* [CP] Check Pods Manifest.lock */ = {
			isa = PBXShellScriptBuildPhase;
			buildActionMask = 2147483647;
			files = (
			);
			inputFileListPaths = (
			);
			inputPaths = (
				"${PODS_PODFILE_DIR_PATH}/Podfile.lock",
				"${PODS_ROOT}/Manifest.lock",
			);
			name = "[CP] Check Pods Manifest.lock";
			outputFileListPaths = (
			);
			outputPaths = (
				"$(DERIVED_FILE_DIR)/Pods-flixster-flixsterUITests-checkManifestLockResult.txt",
			);
			runOnlyForDeploymentPostprocessing = 0;
			shellPath = /bin/sh;
			shellScript = "diff \"${PODS_PODFILE_DIR_PATH}/Podfile.lock\" \"${PODS_ROOT}/Manifest.lock\" > /dev/null\nif [ $? != 0 ] ; then\n    # print error to STDERR\n    echo \"error: The sandbox is not in sync with the Podfile.lock. Run 'pod install' or update your CocoaPods installation.\" >&2\n    exit 1\nfi\n# This output is used by Xcode 'outputs' to avoid re-running this script phase.\necho \"SUCCESS\" > \"${SCRIPT_OUTPUT_FILE_0}\"\n";
			showEnvVarsInLog = 0;
		};
		C62E5FD1CB51C5BA0561180F /* [CP] Check Pods Manifest.lock */ = {
			isa = PBXShellScriptBuildPhase;
			buildActionMask = 2147483647;
			files = (
			);
			inputFileListPaths = (
			);
			inputPaths = (
				"${PODS_PODFILE_DIR_PATH}/Podfile.lock",
				"${PODS_ROOT}/Manifest.lock",
			);
			name = "[CP] Check Pods Manifest.lock";
			outputFileListPaths = (
			);
			outputPaths = (
				"$(DERIVED_FILE_DIR)/Pods-flixsterTests-checkManifestLockResult.txt",
			);
			runOnlyForDeploymentPostprocessing = 0;
			shellPath = /bin/sh;
			shellScript = "diff \"${PODS_PODFILE_DIR_PATH}/Podfile.lock\" \"${PODS_ROOT}/Manifest.lock\" > /dev/null\nif [ $? != 0 ] ; then\n    # print error to STDERR\n    echo \"error: The sandbox is not in sync with the Podfile.lock. Run 'pod install' or update your CocoaPods installation.\" >&2\n    exit 1\nfi\n# This output is used by Xcode 'outputs' to avoid re-running this script phase.\necho \"SUCCESS\" > \"${SCRIPT_OUTPUT_FILE_0}\"\n";
			showEnvVarsInLog = 0;
		};
/* End PBXShellScriptBuildPhase section */

/* Begin PBXSourcesBuildPhase section */
		137B094623EE3AA4005C3769 /* Sources */ = {
			isa = PBXSourcesBuildPhase;
			buildActionMask = 2147483647;
			files = (
				137B095223EE3AA4005C3769 /* ViewController.swift in Sources */,
				137B094E23EE3AA4005C3769 /* AppDelegate.swift in Sources */,
				13FA79AC23F4A8FD003ADE4D /* MovieDetailsViewController.swift in Sources */,
				137B095023EE3AA4005C3769 /* SceneDelegate.swift in Sources */,
				137B098023EE4A85005C3769 /* MovieCell.swift in Sources */,
				137B097E23EE44F7005C3769 /* MoviesViewController.swift in Sources */,
			);
			runOnlyForDeploymentPostprocessing = 0;
		};
		137B095C23EE3AA6005C3769 /* Sources */ = {
			isa = PBXSourcesBuildPhase;
			buildActionMask = 2147483647;
			files = (
				137B096523EE3AA6005C3769 /* flixsterTests.swift in Sources */,
			);
			runOnlyForDeploymentPostprocessing = 0;
		};
		137B096723EE3AA6005C3769 /* Sources */ = {
			isa = PBXSourcesBuildPhase;
			buildActionMask = 2147483647;
			files = (
				137B097023EE3AA6005C3769 /* flixsterUITests.swift in Sources */,
			);
			runOnlyForDeploymentPostprocessing = 0;
		};
/* End PBXSourcesBuildPhase section */

/* Begin PBXTargetDependency section */
		137B096223EE3AA6005C3769 /* PBXTargetDependency */ = {
			isa = PBXTargetDependency;
			target = 137B094923EE3AA4005C3769 /* flixster */;
			targetProxy = 137B096123EE3AA6005C3769 /* PBXContainerItemProxy */;
		};
		137B096D23EE3AA6005C3769 /* PBXTargetDependency */ = {
			isa = PBXTargetDependency;
			target = 137B094923EE3AA4005C3769 /* flixster */;
			targetProxy = 137B096C23EE3AA6005C3769 /* PBXContainerItemProxy */;
		};
/* End PBXTargetDependency section */

/* Begin PBXVariantGroup section */
		137B095323EE3AA4005C3769 /* Main.storyboard */ = {
			isa = PBXVariantGroup;
			children = (
				137B095423EE3AA4005C3769 /* Base */,
			);
			name = Main.storyboard;
			sourceTree = "<group>";
		};
		137B095823EE3AA6005C3769 /* LaunchScreen.storyboard */ = {
			isa = PBXVariantGroup;
			children = (
				137B095923EE3AA6005C3769 /* Base */,
			);
			name = LaunchScreen.storyboard;
			sourceTree = "<group>";
		};
/* End PBXVariantGroup section */

/* Begin XCBuildConfiguration section */
		137B097223EE3AA6005C3769 /* Debug */ = {
			isa = XCBuildConfiguration;
			buildSettings = {
				ALWAYS_SEARCH_USER_PATHS = NO;
				CLANG_ANALYZER_NONNULL = YES;
				CLANG_ANALYZER_NUMBER_OBJECT_CONVERSION = YES_AGGRESSIVE;
				CLANG_CXX_LANGUAGE_STANDARD = "gnu++14";
				CLANG_CXX_LIBRARY = "libc++";
				CLANG_ENABLE_MODULES = YES;
				CLANG_ENABLE_OBJC_ARC = YES;
				CLANG_ENABLE_OBJC_WEAK = YES;
				CLANG_WARN_BLOCK_CAPTURE_AUTORELEASING = YES;
				CLANG_WARN_BOOL_CONVERSION = YES;
				CLANG_WARN_COMMA = YES;
				CLANG_WARN_CONSTANT_CONVERSION = YES;
				CLANG_WARN_DEPRECATED_OBJC_IMPLEMENTATIONS = YES;
				CLANG_WARN_DIRECT_OBJC_ISA_USAGE = YES_ERROR;
				CLANG_WARN_DOCUMENTATION_COMMENTS = YES;
				CLANG_WARN_EMPTY_BODY = YES;
				CLANG_WARN_ENUM_CONVERSION = YES;
				CLANG_WARN_INFINITE_RECURSION = YES;
				CLANG_WARN_INT_CONVERSION = YES;
				CLANG_WARN_NON_LITERAL_NULL_CONVERSION = YES;
				CLANG_WARN_OBJC_IMPLICIT_RETAIN_SELF = YES;
				CLANG_WARN_OBJC_LITERAL_CONVERSION = YES;
				CLANG_WARN_OBJC_ROOT_CLASS = YES_ERROR;
				CLANG_WARN_RANGE_LOOP_ANALYSIS = YES;
				CLANG_WARN_STRICT_PROTOTYPES = YES;
				CLANG_WARN_SUSPICIOUS_MOVE = YES;
				CLANG_WARN_UNGUARDED_AVAILABILITY = YES_AGGRESSIVE;
				CLANG_WARN_UNREACHABLE_CODE = YES;
				CLANG_WARN__DUPLICATE_METHOD_MATCH = YES;
				COPY_PHASE_STRIP = NO;
				DEBUG_INFORMATION_FORMAT = dwarf;
				ENABLE_STRICT_OBJC_MSGSEND = YES;
				ENABLE_TESTABILITY = YES;
				GCC_C_LANGUAGE_STANDARD = gnu11;
				GCC_DYNAMIC_NO_PIC = NO;
				GCC_NO_COMMON_BLOCKS = YES;
				GCC_OPTIMIZATION_LEVEL = 0;
				GCC_PREPROCESSOR_DEFINITIONS = (
					"DEBUG=1",
					"$(inherited)",
				);
				GCC_WARN_64_TO_32_BIT_CONVERSION = YES;
				GCC_WARN_ABOUT_RETURN_TYPE = YES_ERROR;
				GCC_WARN_UNDECLARED_SELECTOR = YES;
				GCC_WARN_UNINITIALIZED_AUTOS = YES_AGGRESSIVE;
				GCC_WARN_UNUSED_FUNCTION = YES;
				GCC_WARN_UNUSED_VARIABLE = YES;
				IPHONEOS_DEPLOYMENT_TARGET = 13.2;
				MTL_ENABLE_DEBUG_INFO = INCLUDE_SOURCE;
				MTL_FAST_MATH = YES;
				ONLY_ACTIVE_ARCH = YES;
				SDKROOT = iphoneos;
				SWIFT_ACTIVE_COMPILATION_CONDITIONS = DEBUG;
				SWIFT_OPTIMIZATION_LEVEL = "-Onone";
			};
			name = Debug;
		};
		137B097323EE3AA6005C3769 /* Release */ = {
			isa = XCBuildConfiguration;
			buildSettings = {
				ALWAYS_SEARCH_USER_PATHS = NO;
				CLANG_ANALYZER_NONNULL = YES;
				CLANG_ANALYZER_NUMBER_OBJECT_CONVERSION = YES_AGGRESSIVE;
				CLANG_CXX_LANGUAGE_STANDARD = "gnu++14";
				CLANG_CXX_LIBRARY = "libc++";
				CLANG_ENABLE_MODULES = YES;
				CLANG_ENABLE_OBJC_ARC = YES;
				CLANG_ENABLE_OBJC_WEAK = YES;
				CLANG_WARN_BLOCK_CAPTURE_AUTORELEASING = YES;
				CLANG_WARN_BOOL_CONVERSION = YES;
				CLANG_WARN_COMMA = YES;
				CLANG_WARN_CONSTANT_CONVERSION = YES;
				CLANG_WARN_DEPRECATED_OBJC_IMPLEMENTATIONS = YES;
				CLANG_WARN_DIRECT_OBJC_ISA_USAGE = YES_ERROR;
				CLANG_WARN_DOCUMENTATION_COMMENTS = YES;
				CLANG_WARN_EMPTY_BODY = YES;
				CLANG_WARN_ENUM_CONVERSION = YES;
				CLANG_WARN_INFINITE_RECURSION = YES;
				CLANG_WARN_INT_CONVERSION = YES;
				CLANG_WARN_NON_LITERAL_NULL_CONVERSION = YES;
				CLANG_WARN_OBJC_IMPLICIT_RETAIN_SELF = YES;
				CLANG_WARN_OBJC_LITERAL_CONVERSION = YES;
				CLANG_WARN_OBJC_ROOT_CLASS = YES_ERROR;
				CLANG_WARN_RANGE_LOOP_ANALYSIS = YES;
				CLANG_WARN_STRICT_PROTOTYPES = YES;
				CLANG_WARN_SUSPICIOUS_MOVE = YES;
				CLANG_WARN_UNGUARDED_AVAILABILITY = YES_AGGRESSIVE;
				CLANG_WARN_UNREACHABLE_CODE = YES;
				CLANG_WARN__DUPLICATE_METHOD_MATCH = YES;
				COPY_PHASE_STRIP = NO;
				DEBUG_INFORMATION_FORMAT = "dwarf-with-dsym";
				ENABLE_NS_ASSERTIONS = NO;
				ENABLE_STRICT_OBJC_MSGSEND = YES;
				GCC_C_LANGUAGE_STANDARD = gnu11;
				GCC_NO_COMMON_BLOCKS = YES;
				GCC_WARN_64_TO_32_BIT_CONVERSION = YES;
				GCC_WARN_ABOUT_RETURN_TYPE = YES_ERROR;
				GCC_WARN_UNDECLARED_SELECTOR = YES;
				GCC_WARN_UNINITIALIZED_AUTOS = YES_AGGRESSIVE;
				GCC_WARN_UNUSED_FUNCTION = YES;
				GCC_WARN_UNUSED_VARIABLE = YES;
				IPHONEOS_DEPLOYMENT_TARGET = 13.2;
				MTL_ENABLE_DEBUG_INFO = NO;
				MTL_FAST_MATH = YES;
				SDKROOT = iphoneos;
				SWIFT_COMPILATION_MODE = wholemodule;
				SWIFT_OPTIMIZATION_LEVEL = "-O";
				VALIDATE_PRODUCT = YES;
			};
			name = Release;
		};
		137B097523EE3AA6005C3769 /* Debug */ = {
			isa = XCBuildConfiguration;
			baseConfigurationReference = 1A166BCA82D45FE5FA9BA7C3 /* Pods-flixster.debug.xcconfig */;
			buildSettings = {
				ASSETCATALOG_COMPILER_APPICON_NAME = AppIcon;
				CODE_SIGN_STYLE = Automatic;
				INFOPLIST_FILE = flixster/Info.plist;
				LD_RUNPATH_SEARCH_PATHS = (
					"$(inherited)",
					"@executable_path/Frameworks",
				);
				PRODUCT_BUNDLE_IDENTIFIER = manish.rajendran.flixster;
				PRODUCT_NAME = "$(TARGET_NAME)";
				SWIFT_VERSION = 5.0;
				TARGETED_DEVICE_FAMILY = "1,2";
			};
			name = Debug;
		};
		137B097623EE3AA6005C3769 /* Release */ = {
			isa = XCBuildConfiguration;
			baseConfigurationReference = B13D1DCC4297DD4B44921057 /* Pods-flixster.release.xcconfig */;
			buildSettings = {
				ASSETCATALOG_COMPILER_APPICON_NAME = AppIcon;
				CODE_SIGN_STYLE = Automatic;
				INFOPLIST_FILE = flixster/Info.plist;
				LD_RUNPATH_SEARCH_PATHS = (
					"$(inherited)",
					"@executable_path/Frameworks",
				);
				PRODUCT_BUNDLE_IDENTIFIER = manish.rajendran.flixster;
				PRODUCT_NAME = "$(TARGET_NAME)";
				SWIFT_VERSION = 5.0;
				TARGETED_DEVICE_FAMILY = "1,2";
			};
			name = Release;
		};
		137B097823EE3AA6005C3769 /* Debug */ = {
			isa = XCBuildConfiguration;
			baseConfigurationReference = 6335F40021AA790774D8CE8E /* Pods-flixsterTests.debug.xcconfig */;
			buildSettings = {
				ALWAYS_EMBED_SWIFT_STANDARD_LIBRARIES = YES;
				BUNDLE_LOADER = "$(TEST_HOST)";
				CODE_SIGN_STYLE = Automatic;
				INFOPLIST_FILE = flixsterTests/Info.plist;
				IPHONEOS_DEPLOYMENT_TARGET = 13.2;
				LD_RUNPATH_SEARCH_PATHS = (
					"$(inherited)",
					"@executable_path/Frameworks",
					"@loader_path/Frameworks",
				);
				PRODUCT_BUNDLE_IDENTIFIER = manish.rajendran.flixsterTests;
				PRODUCT_NAME = "$(TARGET_NAME)";
				SWIFT_VERSION = 5.0;
				TARGETED_DEVICE_FAMILY = "1,2";
				TEST_HOST = "$(BUILT_PRODUCTS_DIR)/flixster.app/flixster";
			};
			name = Debug;
		};
		137B097923EE3AA6005C3769 /* Release */ = {
			isa = XCBuildConfiguration;
			baseConfigurationReference = EFC3C126BCE98CDE50D9A659 /* Pods-flixsterTests.release.xcconfig */;
			buildSettings = {
				ALWAYS_EMBED_SWIFT_STANDARD_LIBRARIES = YES;
				BUNDLE_LOADER = "$(TEST_HOST)";
				CODE_SIGN_STYLE = Automatic;
				INFOPLIST_FILE = flixsterTests/Info.plist;
				IPHONEOS_DEPLOYMENT_TARGET = 13.2;
				LD_RUNPATH_SEARCH_PATHS = (
					"$(inherited)",
					"@executable_path/Frameworks",
					"@loader_path/Frameworks",
				);
				PRODUCT_BUNDLE_IDENTIFIER = manish.rajendran.flixsterTests;
				PRODUCT_NAME = "$(TARGET_NAME)";
				SWIFT_VERSION = 5.0;
				TARGETED_DEVICE_FAMILY = "1,2";
				TEST_HOST = "$(BUILT_PRODUCTS_DIR)/flixster.app/flixster";
			};
			name = Release;
		};
		137B097B23EE3AA6005C3769 /* Debug */ = {
			isa = XCBuildConfiguration;
			baseConfigurationReference = 0618469986D587E4DEC419CF /* Pods-flixster-flixsterUITests.debug.xcconfig */;
			buildSettings = {
				ALWAYS_EMBED_SWIFT_STANDARD_LIBRARIES = YES;
				CODE_SIGN_STYLE = Automatic;
				INFOPLIST_FILE = flixsterUITests/Info.plist;
				LD_RUNPATH_SEARCH_PATHS = (
					"$(inherited)",
					"@executable_path/Frameworks",
					"@loader_path/Frameworks",
				);
				PRODUCT_BUNDLE_IDENTIFIER = manish.rajendran.flixsterUITests;
				PRODUCT_NAME = "$(TARGET_NAME)";
				SWIFT_VERSION = 5.0;
				TARGETED_DEVICE_FAMILY = "1,2";
				TEST_TARGET_NAME = flixster;
			};
			name = Debug;
		};
		137B097C23EE3AA6005C3769 /* Release */ = {
			isa = XCBuildConfiguration;
			baseConfigurationReference = 70E9F91ACB025634C21B65C8 /* Pods-flixster-flixsterUITests.release.xcconfig */;
			buildSettings = {
				ALWAYS_EMBED_SWIFT_STANDARD_LIBRARIES = YES;
				CODE_SIGN_STYLE = Automatic;
				INFOPLIST_FILE = flixsterUITests/Info.plist;
				LD_RUNPATH_SEARCH_PATHS = (
					"$(inherited)",
					"@executable_path/Frameworks",
					"@loader_path/Frameworks",
				);
				PRODUCT_BUNDLE_IDENTIFIER = manish.rajendran.flixsterUITests;
				PRODUCT_NAME = "$(TARGET_NAME)";
				SWIFT_VERSION = 5.0;
				TARGETED_DEVICE_FAMILY = "1,2";
				TEST_TARGET_NAME = flixster;
			};
			name = Release;
		};
/* End XCBuildConfiguration section */

/* Begin XCConfigurationList section */
		137B094523EE3AA4005C3769 /* Build configuration list for PBXProject "flixster" */ = {
			isa = XCConfigurationList;
			buildConfigurations = (
				137B097223EE3AA6005C3769 /* Debug */,
				137B097323EE3AA6005C3769 /* Release */,
			);
			defaultConfigurationIsVisible = 0;
			defaultConfigurationName = Release;
		};
		137B097423EE3AA6005C3769 /* Build configuration list for PBXNativeTarget "flixster" */ = {
			isa = XCConfigurationList;
			buildConfigurations = (
				137B097523EE3AA6005C3769 /* Debug */,
				137B097623EE3AA6005C3769 /* Release */,
			);
			defaultConfigurationIsVisible = 0;
			defaultConfigurationName = Release;
		};
		137B097723EE3AA6005C3769 /* Build configuration list for PBXNativeTarget "flixsterTests" */ = {
			isa = XCConfigurationList;
			buildConfigurations = (
				137B097823EE3AA6005C3769 /* Debug */,
				137B097923EE3AA6005C3769 /* Release */,
			);
			defaultConfigurationIsVisible = 0;
			defaultConfigurationName = Release;
		};
		137B097A23EE3AA6005C3769 /* Build configuration list for PBXNativeTarget "flixsterUITests" */ = {
			isa = XCConfigurationList;
			buildConfigurations = (
				137B097B23EE3AA6005C3769 /* Debug */,
				137B097C23EE3AA6005C3769 /* Release */,
			);
			defaultConfigurationIsVisible = 0;
			defaultConfigurationName = Release;
		};
/* End XCConfigurationList section */
	};
	rootObject = 137B094223EE3AA4005C3769 /* Project object */;
}
